
Microsoft Visual Studio Solution File, Format Version 12.00
# Visual Studio Version 17
VisualStudioVersion = 17.3.32811.315
MinimumVisualStudioVersion = 10.0.40219.1
Project("{FAE04EC0-301F-11D3-BF4B-00C04F79EFBC}") = "PRO17112022cs", "PRO17112022cs\PRO17112022cs.csproj", "{EEB4BF2E-3408-4389-9882-FC7DD0E1AD54}"
EndProject
Project("{FAE04EC0-301F-11D3-BF4B-00C04F79EFBC}") = "RandomNum", "RandomNum\RandomNum.csproj", "{C222B946-1F70-4092-BF3F-3AFFD70999B3}"
EndProject
Global
	GlobalSection(SolutionConfigurationPlatforms) = preSolution
		Debug|Any CPU = Debug|Any CPU
		Release|Any CPU = Release|Any CPU
	EndGlobalSection
	GlobalSection(ProjectConfigurationPlatforms) = postSolution
		{EEB4BF2E-3408-4389-9882-FC7DD0E1AD54}.Debug|Any CPU.ActiveCfg = Debug|Any CPU
		{EEB4BF2E-3408-4389-9882-FC7DD0E1AD54}.Debug|Any CPU.Build.0 = Debug|Any CPU
		{EEB4BF2E-3408-4389-9882-FC7DD0E1AD54}.Release|Any CPU.ActiveCfg = Release|Any CPU
		{EEB4BF2E-3408-4389-9882-FC7DD0E1AD54}.Release|Any CPU.Build.0 = Release|Any CPU
		{C222B946-1F70-4092-BF3F-3AFFD70999B3}.Debug|Any CPU.ActiveCfg = Debug|Any CPU
		{C222B946-1F70-4092-BF3F-3AFFD70999B3}.Debug|Any CPU.Build.0 = Debug|Any CPU
		{C222B946-1F70-4092-BF3F-3AFFD70999B3}.Release|Any CPU.ActiveCfg = Release|Any CPU
		{C222B946-1F70-4092-BF3F-3AFFD70999B3}.Release|Any CPU.Build.0 = Release|Any CPU
	EndGlobalSection
	GlobalSection(SolutionProperties) = preSolution
		HideSolutionNode = FALSE
	EndGlobalSection
	GlobalSection(ExtensibilityGlobals) = postSolution
		SolutionGuid = {0BC85A24-D95E-406D-9BA5-3C53EF47D877}
	EndGlobalSection
EndGlobal
